
Microsoft Visual Studio Solution File, Format Version 12.00
# Visual Studio Version 16
VisualStudioVersion = 16.0.30011.22
MinimumVisualStudioVersion = 10.0.40219.1
Project("{9A19103F-16F7-4668-BE54-9A1E7A4F7556}") = "YaNco.Primitives", "src\YaNco.Primitives\YaNco.Primitives.csproj", "{FD098742-7F5A-4820-8022-D24617CC1380}"
EndProject
Project("{9A19103F-16F7-4668-BE54-9A1E7A4F7556}") = "YaNco.Core", "src\YaNco.Core\YaNco.Core.csproj", "{30CBC9F8-65A0-4A0C-B972-A89361B8D90A}"
EndProject
Project("{9A19103F-16F7-4668-BE54-9A1E7A4F7556}") = "YaNco.Abstractions", "src\YaNco.Abstractions\YaNco.Abstractions.csproj", "{706737B6-BD69-4AEE-B7FE-DC8F9008C91A}"
EndProject
Project("{9A19103F-16F7-4668-BE54-9A1E7A4F7556}") = "SAPSystemTests", "test\SAPSystemTests\SAPSystemTests.csproj", "{215049FF-1D8D-4374-8BED-AE5AB72CBC2C}"
EndProject
Project("{2150E333-8FDC-42A3-9474-1A3956D46DE8}") = "Solution Items", "Solution Items", "{21F1B3B7-CD78-4776-AB18-DA978C1EE0B5}"
	ProjectSection(SolutionItems) = preProject
		azure-pipelines.yml = azure-pipelines.yml
		gitversion.yml = gitversion.yml
	EndProjectSection
EndProject
Project("{9A19103F-16F7-4668-BE54-9A1E7A4F7556}") = "YaNco", "src\YaNco\YaNco.csproj", "{9EBB65AB-D248-4838-BC06-31C229AD1C03}"
EndProject
Project("{9A19103F-16F7-4668-BE54-9A1E7A4F7556}") = "YaNco.NwRfcSdk.win-x64", "src\YaNco.NwRfcSdk.win-x64\YaNco.NwRfcSdk.win-x64.csproj", "{6E1F4A7F-A62E-4FFC-B459-CF7287ADE6A5}"
EndProject
Project("{9A19103F-16F7-4668-BE54-9A1E7A4F7556}") = "YaNco.NwRfcSdk.win-x86", "src\YaNco.NwRfcSdk.win-x86\YaNco.NwRfcSdk.win-x86.csproj", "{002A9139-2645-43A2-871A-BE3DEFACEA94}"
EndProject
Project("{2150E333-8FDC-42A3-9474-1A3956D46DE8}") = "samples", "samples", "{D81DD87D-D96B-4A06-B360-B71BED6E5199}"
EndProject
Project("{2150E333-8FDC-42A3-9474-1A3956D46DE8}") = "netcore3.1", "netcore3.1", "{BEE8F8E1-8859-4A61-B668-5467423911D7}"
EndProject
Project("{2150E333-8FDC-42A3-9474-1A3956D46DE8}") = "netcore2.1", "netcore2.1", "{8534BBA2-FF98-4D0F-AE60-3EAFADB69653}"
EndProject
Project("{9A19103F-16F7-4668-BE54-9A1E7A4F7556}") = "WebApi.Shared", "samples\WebApi.Shared\WebApi.Shared.csproj", "{BAFF7A74-DB10-45D9-A3CB-827239599D88}"
EndProject
Project("{FAE04EC0-301F-11D3-BF4B-00C04F79EFBC}") = "SAPWebAPI", "samples\netcore2.1\SAPWebAPI\SAPWebAPI.csproj", "{89240742-3F31-4BA5-89A6-81C0CA6AE451}"
EndProject
Project("{9A19103F-16F7-4668-BE54-9A1E7A4F7556}") = "SAPWebAPI", "samples\netcore3.1\SAPWebAPI\SAPWebAPI.csproj", "{90FDEB6C-05A9-45FF-A566-0230CA724235}"
EndProject
Global
	GlobalSection(SolutionConfigurationPlatforms) = preSolution
		Debug|Any CPU = Debug|Any CPU
		Debug|x64 = Debug|x64
		Debug|x86 = Debug|x86
		Release|Any CPU = Release|Any CPU
		Release|x64 = Release|x64
		Release|x86 = Release|x86
	EndGlobalSection
	GlobalSection(ProjectConfigurationPlatforms) = postSolution
		{FD098742-7F5A-4820-8022-D24617CC1380}.Debug|Any CPU.ActiveCfg = Debug|Any CPU
		{FD098742-7F5A-4820-8022-D24617CC1380}.Debug|Any CPU.Build.0 = Debug|Any CPU
		{FD098742-7F5A-4820-8022-D24617CC1380}.Debug|x64.ActiveCfg = Debug|Any CPU
		{FD098742-7F5A-4820-8022-D24617CC1380}.Debug|x64.Build.0 = Debug|Any CPU
		{FD098742-7F5A-4820-8022-D24617CC1380}.Debug|x86.ActiveCfg = Debug|Any CPU
		{FD098742-7F5A-4820-8022-D24617CC1380}.Debug|x86.Build.0 = Debug|Any CPU
		{FD098742-7F5A-4820-8022-D24617CC1380}.Release|Any CPU.ActiveCfg = Release|Any CPU
		{FD098742-7F5A-4820-8022-D24617CC1380}.Release|Any CPU.Build.0 = Release|Any CPU
		{FD098742-7F5A-4820-8022-D24617CC1380}.Release|x64.ActiveCfg = Release|Any CPU
		{FD098742-7F5A-4820-8022-D24617CC1380}.Release|x64.Build.0 = Release|Any CPU
		{FD098742-7F5A-4820-8022-D24617CC1380}.Release|x86.ActiveCfg = Release|Any CPU
		{FD098742-7F5A-4820-8022-D24617CC1380}.Release|x86.Build.0 = Release|Any CPU
		{30CBC9F8-65A0-4A0C-B972-A89361B8D90A}.Debug|Any CPU.ActiveCfg = Debug|Any CPU
		{30CBC9F8-65A0-4A0C-B972-A89361B8D90A}.Debug|Any CPU.Build.0 = Debug|Any CPU
		{30CBC9F8-65A0-4A0C-B972-A89361B8D90A}.Debug|x64.ActiveCfg = Debug|Any CPU
		{30CBC9F8-65A0-4A0C-B972-A89361B8D90A}.Debug|x64.Build.0 = Debug|Any CPU
		{30CBC9F8-65A0-4A0C-B972-A89361B8D90A}.Debug|x86.ActiveCfg = Debug|Any CPU
		{30CBC9F8-65A0-4A0C-B972-A89361B8D90A}.Debug|x86.Build.0 = Debug|Any CPU
		{30CBC9F8-65A0-4A0C-B972-A89361B8D90A}.Release|Any CPU.ActiveCfg = Release|Any CPU
		{30CBC9F8-65A0-4A0C-B972-A89361B8D90A}.Release|Any CPU.Build.0 = Release|Any CPU
		{30CBC9F8-65A0-4A0C-B972-A89361B8D90A}.Release|x64.ActiveCfg = Release|Any CPU
		{30CBC9F8-65A0-4A0C-B972-A89361B8D90A}.Release|x64.Build.0 = Release|Any CPU
		{30CBC9F8-65A0-4A0C-B972-A89361B8D90A}.Release|x86.ActiveCfg = Release|Any CPU
		{30CBC9F8-65A0-4A0C-B972-A89361B8D90A}.Release|x86.Build.0 = Release|Any CPU
		{706737B6-BD69-4AEE-B7FE-DC8F9008C91A}.Debug|Any CPU.ActiveCfg = Debug|Any CPU
		{706737B6-BD69-4AEE-B7FE-DC8F9008C91A}.Debug|Any CPU.Build.0 = Debug|Any CPU
		{706737B6-BD69-4AEE-B7FE-DC8F9008C91A}.Debug|x64.ActiveCfg = Debug|Any CPU
		{706737B6-BD69-4AEE-B7FE-DC8F9008C91A}.Debug|x64.Build.0 = Debug|Any CPU
		{706737B6-BD69-4AEE-B7FE-DC8F9008C91A}.Debug|x86.ActiveCfg = Debug|Any CPU
		{706737B6-BD69-4AEE-B7FE-DC8F9008C91A}.Debug|x86.Build.0 = Debug|Any CPU
		{706737B6-BD69-4AEE-B7FE-DC8F9008C91A}.Release|Any CPU.ActiveCfg = Release|Any CPU
		{706737B6-BD69-4AEE-B7FE-DC8F9008C91A}.Release|Any CPU.Build.0 = Release|Any CPU
		{706737B6-BD69-4AEE-B7FE-DC8F9008C91A}.Release|x64.ActiveCfg = Release|Any CPU
		{706737B6-BD69-4AEE-B7FE-DC8F9008C91A}.Release|x64.Build.0 = Release|Any CPU
		{706737B6-BD69-4AEE-B7FE-DC8F9008C91A}.Release|x86.ActiveCfg = Release|Any CPU
		{706737B6-BD69-4AEE-B7FE-DC8F9008C91A}.Release|x86.Build.0 = Release|Any CPU
		{215049FF-1D8D-4374-8BED-AE5AB72CBC2C}.Debug|Any CPU.ActiveCfg = Debug|x86
		{215049FF-1D8D-4374-8BED-AE5AB72CBC2C}.Debug|x64.ActiveCfg = Debug|x64
		{215049FF-1D8D-4374-8BED-AE5AB72CBC2C}.Debug|x64.Build.0 = Debug|x64
		{215049FF-1D8D-4374-8BED-AE5AB72CBC2C}.Debug|x86.ActiveCfg = Debug|x86
		{215049FF-1D8D-4374-8BED-AE5AB72CBC2C}.Debug|x86.Build.0 = Debug|x86
		{215049FF-1D8D-4374-8BED-AE5AB72CBC2C}.Release|Any CPU.ActiveCfg = Release|x86
		{215049FF-1D8D-4374-8BED-AE5AB72CBC2C}.Release|x64.ActiveCfg = Release|x64
		{215049FF-1D8D-4374-8BED-AE5AB72CBC2C}.Release|x64.Build.0 = Release|x64
		{215049FF-1D8D-4374-8BED-AE5AB72CBC2C}.Release|x86.ActiveCfg = Release|x86
		{215049FF-1D8D-4374-8BED-AE5AB72CBC2C}.Release|x86.Build.0 = Release|x86
		{9EBB65AB-D248-4838-BC06-31C229AD1C03}.Debug|Any CPU.ActiveCfg = Debug|Any CPU
		{9EBB65AB-D248-4838-BC06-31C229AD1C03}.Debug|Any CPU.Build.0 = Debug|Any CPU
		{9EBB65AB-D248-4838-BC06-31C229AD1C03}.Debug|x64.ActiveCfg = Debug|Any CPU
		{9EBB65AB-D248-4838-BC06-31C229AD1C03}.Debug|x86.ActiveCfg = Debug|Any CPU
		{9EBB65AB-D248-4838-BC06-31C229AD1C03}.Release|Any CPU.ActiveCfg = Release|Any CPU
		{9EBB65AB-D248-4838-BC06-31C229AD1C03}.Release|Any CPU.Build.0 = Release|Any CPU
		{9EBB65AB-D248-4838-BC06-31C229AD1C03}.Release|x64.ActiveCfg = Release|Any CPU
		{9EBB65AB-D248-4838-BC06-31C229AD1C03}.Release|x86.ActiveCfg = Release|Any CPU
		{6E1F4A7F-A62E-4FFC-B459-CF7287ADE6A5}.Debug|Any CPU.ActiveCfg = Debug|x64
		{6E1F4A7F-A62E-4FFC-B459-CF7287ADE6A5}.Debug|x64.ActiveCfg = Debug|x64
		{6E1F4A7F-A62E-4FFC-B459-CF7287ADE6A5}.Debug|x64.Build.0 = Debug|x64
		{6E1F4A7F-A62E-4FFC-B459-CF7287ADE6A5}.Debug|x86.ActiveCfg = Debug|x64
		{6E1F4A7F-A62E-4FFC-B459-CF7287ADE6A5}.Release|Any CPU.ActiveCfg = Release|x64
		{6E1F4A7F-A62E-4FFC-B459-CF7287ADE6A5}.Release|x64.ActiveCfg = Release|x64
		{6E1F4A7F-A62E-4FFC-B459-CF7287ADE6A5}.Release|x64.Build.0 = Release|x64
		{6E1F4A7F-A62E-4FFC-B459-CF7287ADE6A5}.Release|x86.ActiveCfg = Release|x64
		{002A9139-2645-43A2-871A-BE3DEFACEA94}.Debug|Any CPU.ActiveCfg = Debug|x86
		{002A9139-2645-43A2-871A-BE3DEFACEA94}.Debug|x64.ActiveCfg = Debug|x86
		{002A9139-2645-43A2-871A-BE3DEFACEA94}.Debug|x86.ActiveCfg = Debug|x86
		{002A9139-2645-43A2-871A-BE3DEFACEA94}.Debug|x86.Build.0 = Debug|x86
		{002A9139-2645-43A2-871A-BE3DEFACEA94}.Release|Any CPU.ActiveCfg = Release|x86
		{002A9139-2645-43A2-871A-BE3DEFACEA94}.Release|x64.ActiveCfg = Release|x86
		{002A9139-2645-43A2-871A-BE3DEFACEA94}.Release|x86.ActiveCfg = Release|x86
		{002A9139-2645-43A2-871A-BE3DEFACEA94}.Release|x86.Build.0 = Release|x86
		{BAFF7A74-DB10-45D9-A3CB-827239599D88}.Debug|Any CPU.ActiveCfg = Debug|Any CPU
		{BAFF7A74-DB10-45D9-A3CB-827239599D88}.Debug|Any CPU.Build.0 = Debug|Any CPU
		{BAFF7A74-DB10-45D9-A3CB-827239599D88}.Debug|x64.ActiveCfg = Debug|Any CPU
		{BAFF7A74-DB10-45D9-A3CB-827239599D88}.Debug|x64.Build.0 = Debug|Any CPU
		{BAFF7A74-DB10-45D9-A3CB-827239599D88}.Debug|x86.ActiveCfg = Debug|Any CPU
		{BAFF7A74-DB10-45D9-A3CB-827239599D88}.Debug|x86.Build.0 = Debug|Any CPU
		{BAFF7A74-DB10-45D9-A3CB-827239599D88}.Release|Any CPU.ActiveCfg = Release|Any CPU
		{BAFF7A74-DB10-45D9-A3CB-827239599D88}.Release|Any CPU.Build.0 = Release|Any CPU
		{BAFF7A74-DB10-45D9-A3CB-827239599D88}.Release|x64.ActiveCfg = Release|Any CPU
		{BAFF7A74-DB10-45D9-A3CB-827239599D88}.Release|x64.Build.0 = Release|Any CPU
		{BAFF7A74-DB10-45D9-A3CB-827239599D88}.Release|x86.ActiveCfg = Release|Any CPU
		{BAFF7A74-DB10-45D9-A3CB-827239599D88}.Release|x86.Build.0 = Release|Any CPU
		{89240742-3F31-4BA5-89A6-81C0CA6AE451}.Debug|Any CPU.ActiveCfg = Debug|Any CPU
		{89240742-3F31-4BA5-89A6-81C0CA6AE451}.Debug|Any CPU.Build.0 = Debug|Any CPU
		{89240742-3F31-4BA5-89A6-81C0CA6AE451}.Debug|x64.ActiveCfg = Debug|Any CPU
		{89240742-3F31-4BA5-89A6-81C0CA6AE451}.Debug|x64.Build.0 = Debug|Any CPU
		{89240742-3F31-4BA5-89A6-81C0CA6AE451}.Debug|x86.ActiveCfg = Debug|Any CPU
		{89240742-3F31-4BA5-89A6-81C0CA6AE451}.Debug|x86.Build.0 = Debug|Any CPU
		{89240742-3F31-4BA5-89A6-81C0CA6AE451}.Release|Any CPU.ActiveCfg = Release|Any CPU
		{89240742-3F31-4BA5-89A6-81C0CA6AE451}.Release|Any CPU.Build.0 = Release|Any CPU
		{89240742-3F31-4BA5-89A6-81C0CA6AE451}.Release|x64.ActiveCfg = Release|Any CPU
		{89240742-3F31-4BA5-89A6-81C0CA6AE451}.Release|x64.Build.0 = Release|Any CPU
		{89240742-3F31-4BA5-89A6-81C0CA6AE451}.Release|x86.ActiveCfg = Release|Any CPU
		{89240742-3F31-4BA5-89A6-81C0CA6AE451}.Release|x86.Build.0 = Release|Any CPU
		{90FDEB6C-05A9-45FF-A566-0230CA724235}.Debug|Any CPU.ActiveCfg = Debug|Any CPU
		{90FDEB6C-05A9-45FF-A566-0230CA724235}.Debug|Any CPU.Build.0 = Debug|Any CPU
		{90FDEB6C-05A9-45FF-A566-0230CA724235}.Debug|x64.ActiveCfg = Debug|Any CPU
		{90FDEB6C-05A9-45FF-A566-0230CA724235}.Debug|x64.Build.0 = Debug|Any CPU
		{90FDEB6C-05A9-45FF-A566-0230CA724235}.Debug|x86.ActiveCfg = Debug|Any CPU
		{90FDEB6C-05A9-45FF-A566-0230CA724235}.Debug|x86.Build.0 = Debug|Any CPU
		{90FDEB6C-05A9-45FF-A566-0230CA724235}.Release|Any CPU.ActiveCfg = Release|Any CPU
		{90FDEB6C-05A9-45FF-A566-0230CA724235}.Release|Any CPU.Build.0 = Release|Any CPU
		{90FDEB6C-05A9-45FF-A566-0230CA724235}.Release|x64.ActiveCfg = Release|Any CPU
		{90FDEB6C-05A9-45FF-A566-0230CA724235}.Release|x64.Build.0 = Release|Any CPU
		{90FDEB6C-05A9-45FF-A566-0230CA724235}.Release|x86.ActiveCfg = Release|Any CPU
		{90FDEB6C-05A9-45FF-A566-0230CA724235}.Release|x86.Build.0 = Release|Any CPU
	EndGlobalSection
	GlobalSection(SolutionProperties) = preSolution
		HideSolutionNode = FALSE
	EndGlobalSection
	GlobalSection(NestedProjects) = preSolution
		{BEE8F8E1-8859-4A61-B668-5467423911D7} = {D81DD87D-D96B-4A06-B360-B71BED6E5199}
		{8534BBA2-FF98-4D0F-AE60-3EAFADB69653} = {D81DD87D-D96B-4A06-B360-B71BED6E5199}
		{BAFF7A74-DB10-45D9-A3CB-827239599D88} = {D81DD87D-D96B-4A06-B360-B71BED6E5199}
		{89240742-3F31-4BA5-89A6-81C0CA6AE451} = {8534BBA2-FF98-4D0F-AE60-3EAFADB69653}
		{90FDEB6C-05A9-45FF-A566-0230CA724235} = {BEE8F8E1-8859-4A61-B668-5467423911D7}
	EndGlobalSection
	GlobalSection(ExtensibilityGlobals) = postSolution
		SolutionGuid = {C3AB2171-471F-4842-A039-4CE0AC4FBB45}
	EndGlobalSection
EndGlobal
