
Microsoft Visual Studio Solution File, Format Version 12.00
# Visual Studio Version 16
VisualStudioVersion = 16.0.30011.22
MinimumVisualStudioVersion = 10.0.40219.1
Project("{9A19103F-16F7-4668-BE54-9A1E7A4F7556}") = "YaNco.Primitives", "src\YaNco.Primitives\YaNco.Primitives.csproj", "{FD098742-7F5A-4820-8022-D24617CC1380}"
EndProject
Project("{8BC9CEB8-8B4A-11D0-8D11-00A0C91BC942}") = "YaNco.Native.clr", "src\YaNco.Native.clr\YaNco.Native.clr.vcxproj", "{387F75D1-AA3E-44EB-BB83-A29E6340BFCA}"
EndProject
Project("{9A19103F-16F7-4668-BE54-9A1E7A4F7556}") = "YaNco.Core", "src\YaNco.Core\YaNco.Core.csproj", "{30CBC9F8-65A0-4A0C-B972-A89361B8D90A}"
EndProject
Project("{9A19103F-16F7-4668-BE54-9A1E7A4F7556}") = "YaNco.Abstractions", "src\YaNco.Abstractions\YaNco.Abstractions.csproj", "{706737B6-BD69-4AEE-B7FE-DC8F9008C91A}"
EndProject
Project("{9A19103F-16F7-4668-BE54-9A1E7A4F7556}") = "YaNco.Native", "src\YaNco.Native\YaNco.Native.csproj", "{C8070A27-49A2-4301-91A6-872BB4637150}"
	ProjectSection(ProjectDependencies) = postProject
		{387F75D1-AA3E-44EB-BB83-A29E6340BFCA} = {387F75D1-AA3E-44EB-BB83-A29E6340BFCA}
		{F5AEFBD5-BB09-48FD-BD75-BB2AAE471A56} = {F5AEFBD5-BB09-48FD-BD75-BB2AAE471A56}
	EndProjectSection
EndProject
Project("{9A19103F-16F7-4668-BE54-9A1E7A4F7556}") = "SAPSystemTests", "test\SAPSystemTests\SAPSystemTests.csproj", "{215049FF-1D8D-4374-8BED-AE5AB72CBC2C}"
EndProject
Project("{9A19103F-16F7-4668-BE54-9A1E7A4F7556}") = "YaNco.Runtime", "src\YaNco.Runtime\YaNco.Runtime.csproj", "{5A2E8471-83F2-4864-8FC0-DEFC94151953}"
EndProject
Project("{2150E333-8FDC-42A3-9474-1A3956D46DE8}") = "Solution Items", "Solution Items", "{21F1B3B7-CD78-4776-AB18-DA978C1EE0B5}"
	ProjectSection(SolutionItems) = preProject
		azure-pipelines.yml = azure-pipelines.yml
	EndProjectSection
EndProject
Project("{9A19103F-16F7-4668-BE54-9A1E7A4F7556}") = "YaNco", "src\YaNco\YaNco.csproj", "{9EBB65AB-D248-4838-BC06-31C229AD1C03}"
EndProject
Project("{8BC9CEB8-8B4A-11D0-8D11-00A0C91BC942}") = "YaNco.Native.clrcore", "src\YaNco.Native.clrcore\YaNco.Native.clrcore.vcxproj", "{F5AEFBD5-BB09-48FD-BD75-BB2AAE471A56}"
EndProject
Project("{9A19103F-16F7-4668-BE54-9A1E7A4F7556}") = "YaNco.Native.Interop", "src\YaNco.Native.Interop\YaNco.Native.Interop.csproj", "{4E9CE6BE-A817-4FF2-8953-DD5C2E1D2531}"
EndProject
Project("{9A19103F-16F7-4668-BE54-9A1E7A4F7556}") = "YaNco.NwRfcSdk.win-x64", "src\YaNco.NwRfcSdk.win-x64\YaNco.NwRfcSdk.win-x64.csproj", "{6E1F4A7F-A62E-4FFC-B459-CF7287ADE6A5}"
EndProject
Project("{9A19103F-16F7-4668-BE54-9A1E7A4F7556}") = "YaNco.NwRfcSdk.win-x86", "src\YaNco.NwRfcSdk.win-x86\YaNco.NwRfcSdk.win-x86.csproj", "{002A9139-2645-43A2-871A-BE3DEFACEA94}"
EndProject
Project("{9A19103F-16F7-4668-BE54-9A1E7A4F7556}") = "YaNco.Runtime.clr", "src\YaNco.Runtime.Clr\YaNco.Runtime.clr.csproj", "{7BD8310E-5FC8-4523-975C-9CB92CEDCAB7}"
EndProject
Project("{9A19103F-16F7-4668-BE54-9A1E7A4F7556}") = "YaNco.Runtime.clrcore", "src\YaNco.Runtime.ClrCore\YaNco.Runtime.clrcore.csproj", "{4EE64B60-4E64-46B4-9389-DC78C61619E9}"
EndProject
Project("{9A19103F-16F7-4668-BE54-9A1E7A4F7556}") = "YaNco.Runtime.Interopt", "src\YaNco.Runtime.Interopt\YaNco.Runtime.Interopt.csproj", "{7E61F061-D831-4185-B289-B0EFFFE2B6EC}"
EndProject
Global
	GlobalSection(SolutionConfigurationPlatforms) = preSolution
		Debug|Any CPU = Debug|Any CPU
		Debug|x64 = Debug|x64
		Debug|x86 = Debug|x86
		Release|Any CPU = Release|Any CPU
		Release|x64 = Release|x64
		Release|x86 = Release|x86
	EndGlobalSection
	GlobalSection(ProjectConfigurationPlatforms) = postSolution
		{FD098742-7F5A-4820-8022-D24617CC1380}.Debug|Any CPU.ActiveCfg = Debug|Any CPU
		{FD098742-7F5A-4820-8022-D24617CC1380}.Debug|Any CPU.Build.0 = Debug|Any CPU
		{FD098742-7F5A-4820-8022-D24617CC1380}.Debug|x64.ActiveCfg = Debug|Any CPU
		{FD098742-7F5A-4820-8022-D24617CC1380}.Debug|x64.Build.0 = Debug|Any CPU
		{FD098742-7F5A-4820-8022-D24617CC1380}.Debug|x86.ActiveCfg = Debug|Any CPU
		{FD098742-7F5A-4820-8022-D24617CC1380}.Debug|x86.Build.0 = Debug|Any CPU
		{FD098742-7F5A-4820-8022-D24617CC1380}.Release|Any CPU.ActiveCfg = Release|Any CPU
		{FD098742-7F5A-4820-8022-D24617CC1380}.Release|Any CPU.Build.0 = Release|Any CPU
		{FD098742-7F5A-4820-8022-D24617CC1380}.Release|x64.ActiveCfg = Release|Any CPU
		{FD098742-7F5A-4820-8022-D24617CC1380}.Release|x64.Build.0 = Release|Any CPU
		{FD098742-7F5A-4820-8022-D24617CC1380}.Release|x86.ActiveCfg = Release|Any CPU
		{FD098742-7F5A-4820-8022-D24617CC1380}.Release|x86.Build.0 = Release|Any CPU
		{387F75D1-AA3E-44EB-BB83-A29E6340BFCA}.Debug|Any CPU.ActiveCfg = Debug|Win32
		{387F75D1-AA3E-44EB-BB83-A29E6340BFCA}.Debug|x64.ActiveCfg = Debug|x64
		{387F75D1-AA3E-44EB-BB83-A29E6340BFCA}.Debug|x64.Build.0 = Debug|x64
		{387F75D1-AA3E-44EB-BB83-A29E6340BFCA}.Debug|x86.ActiveCfg = Debug|Win32
		{387F75D1-AA3E-44EB-BB83-A29E6340BFCA}.Debug|x86.Build.0 = Debug|Win32
		{387F75D1-AA3E-44EB-BB83-A29E6340BFCA}.Release|Any CPU.ActiveCfg = Release|Win32
		{387F75D1-AA3E-44EB-BB83-A29E6340BFCA}.Release|x64.ActiveCfg = Release|x64
		{387F75D1-AA3E-44EB-BB83-A29E6340BFCA}.Release|x64.Build.0 = Release|x64
		{387F75D1-AA3E-44EB-BB83-A29E6340BFCA}.Release|x86.ActiveCfg = Release|Win32
		{387F75D1-AA3E-44EB-BB83-A29E6340BFCA}.Release|x86.Build.0 = Release|Win32
		{30CBC9F8-65A0-4A0C-B972-A89361B8D90A}.Debug|Any CPU.ActiveCfg = Debug|Any CPU
		{30CBC9F8-65A0-4A0C-B972-A89361B8D90A}.Debug|Any CPU.Build.0 = Debug|Any CPU
		{30CBC9F8-65A0-4A0C-B972-A89361B8D90A}.Debug|x64.ActiveCfg = Debug|Any CPU
		{30CBC9F8-65A0-4A0C-B972-A89361B8D90A}.Debug|x64.Build.0 = Debug|Any CPU
		{30CBC9F8-65A0-4A0C-B972-A89361B8D90A}.Debug|x86.ActiveCfg = Debug|Any CPU
		{30CBC9F8-65A0-4A0C-B972-A89361B8D90A}.Debug|x86.Build.0 = Debug|Any CPU
		{30CBC9F8-65A0-4A0C-B972-A89361B8D90A}.Release|Any CPU.ActiveCfg = Release|Any CPU
		{30CBC9F8-65A0-4A0C-B972-A89361B8D90A}.Release|Any CPU.Build.0 = Release|Any CPU
		{30CBC9F8-65A0-4A0C-B972-A89361B8D90A}.Release|x64.ActiveCfg = Release|Any CPU
		{30CBC9F8-65A0-4A0C-B972-A89361B8D90A}.Release|x64.Build.0 = Release|Any CPU
		{30CBC9F8-65A0-4A0C-B972-A89361B8D90A}.Release|x86.ActiveCfg = Release|Any CPU
		{30CBC9F8-65A0-4A0C-B972-A89361B8D90A}.Release|x86.Build.0 = Release|Any CPU
		{706737B6-BD69-4AEE-B7FE-DC8F9008C91A}.Debug|Any CPU.ActiveCfg = Debug|Any CPU
		{706737B6-BD69-4AEE-B7FE-DC8F9008C91A}.Debug|Any CPU.Build.0 = Debug|Any CPU
		{706737B6-BD69-4AEE-B7FE-DC8F9008C91A}.Debug|x64.ActiveCfg = Debug|Any CPU
		{706737B6-BD69-4AEE-B7FE-DC8F9008C91A}.Debug|x64.Build.0 = Debug|Any CPU
		{706737B6-BD69-4AEE-B7FE-DC8F9008C91A}.Debug|x86.ActiveCfg = Debug|Any CPU
		{706737B6-BD69-4AEE-B7FE-DC8F9008C91A}.Debug|x86.Build.0 = Debug|Any CPU
		{706737B6-BD69-4AEE-B7FE-DC8F9008C91A}.Release|Any CPU.ActiveCfg = Release|Any CPU
		{706737B6-BD69-4AEE-B7FE-DC8F9008C91A}.Release|Any CPU.Build.0 = Release|Any CPU
		{706737B6-BD69-4AEE-B7FE-DC8F9008C91A}.Release|x64.ActiveCfg = Release|Any CPU
		{706737B6-BD69-4AEE-B7FE-DC8F9008C91A}.Release|x64.Build.0 = Release|Any CPU
		{706737B6-BD69-4AEE-B7FE-DC8F9008C91A}.Release|x86.ActiveCfg = Release|Any CPU
		{706737B6-BD69-4AEE-B7FE-DC8F9008C91A}.Release|x86.Build.0 = Release|Any CPU
		{C8070A27-49A2-4301-91A6-872BB4637150}.Debug|Any CPU.ActiveCfg = Debug|Any CPU
		{C8070A27-49A2-4301-91A6-872BB4637150}.Debug|Any CPU.Build.0 = Debug|Any CPU
		{C8070A27-49A2-4301-91A6-872BB4637150}.Debug|x64.ActiveCfg = Debug|Any CPU
		{C8070A27-49A2-4301-91A6-872BB4637150}.Debug|x64.Build.0 = Debug|Any CPU
		{C8070A27-49A2-4301-91A6-872BB4637150}.Debug|x86.ActiveCfg = Debug|Any CPU
		{C8070A27-49A2-4301-91A6-872BB4637150}.Debug|x86.Build.0 = Debug|Any CPU
		{C8070A27-49A2-4301-91A6-872BB4637150}.Release|Any CPU.ActiveCfg = Release|Any CPU
		{C8070A27-49A2-4301-91A6-872BB4637150}.Release|Any CPU.Build.0 = Release|Any CPU
		{C8070A27-49A2-4301-91A6-872BB4637150}.Release|x64.ActiveCfg = Release|Any CPU
		{C8070A27-49A2-4301-91A6-872BB4637150}.Release|x64.Build.0 = Release|Any CPU
		{C8070A27-49A2-4301-91A6-872BB4637150}.Release|x86.ActiveCfg = Release|Any CPU
		{C8070A27-49A2-4301-91A6-872BB4637150}.Release|x86.Build.0 = Release|Any CPU
		{215049FF-1D8D-4374-8BED-AE5AB72CBC2C}.Debug|Any CPU.ActiveCfg = Debug|x86
		{215049FF-1D8D-4374-8BED-AE5AB72CBC2C}.Debug|x64.ActiveCfg = Debug|x64
		{215049FF-1D8D-4374-8BED-AE5AB72CBC2C}.Debug|x64.Build.0 = Debug|x64
		{215049FF-1D8D-4374-8BED-AE5AB72CBC2C}.Debug|x86.ActiveCfg = Debug|x86
		{215049FF-1D8D-4374-8BED-AE5AB72CBC2C}.Debug|x86.Build.0 = Debug|x86
		{215049FF-1D8D-4374-8BED-AE5AB72CBC2C}.Release|Any CPU.ActiveCfg = Release|x86
		{215049FF-1D8D-4374-8BED-AE5AB72CBC2C}.Release|x64.ActiveCfg = Release|x64
		{215049FF-1D8D-4374-8BED-AE5AB72CBC2C}.Release|x64.Build.0 = Release|x64
		{215049FF-1D8D-4374-8BED-AE5AB72CBC2C}.Release|x86.ActiveCfg = Release|x86
		{215049FF-1D8D-4374-8BED-AE5AB72CBC2C}.Release|x86.Build.0 = Release|x86
		{5A2E8471-83F2-4864-8FC0-DEFC94151953}.Debug|Any CPU.ActiveCfg = Debug|Any CPU
		{5A2E8471-83F2-4864-8FC0-DEFC94151953}.Debug|Any CPU.Build.0 = Debug|Any CPU
		{5A2E8471-83F2-4864-8FC0-DEFC94151953}.Debug|x64.ActiveCfg = Debug|Any CPU
		{5A2E8471-83F2-4864-8FC0-DEFC94151953}.Debug|x64.Build.0 = Debug|Any CPU
		{5A2E8471-83F2-4864-8FC0-DEFC94151953}.Debug|x86.ActiveCfg = Debug|Any CPU
		{5A2E8471-83F2-4864-8FC0-DEFC94151953}.Debug|x86.Build.0 = Debug|Any CPU
		{5A2E8471-83F2-4864-8FC0-DEFC94151953}.Release|Any CPU.ActiveCfg = Release|Any CPU
		{5A2E8471-83F2-4864-8FC0-DEFC94151953}.Release|Any CPU.Build.0 = Release|Any CPU
		{5A2E8471-83F2-4864-8FC0-DEFC94151953}.Release|x64.ActiveCfg = Release|Any CPU
		{5A2E8471-83F2-4864-8FC0-DEFC94151953}.Release|x64.Build.0 = Release|Any CPU
		{5A2E8471-83F2-4864-8FC0-DEFC94151953}.Release|x86.ActiveCfg = Release|Any CPU
		{5A2E8471-83F2-4864-8FC0-DEFC94151953}.Release|x86.Build.0 = Release|Any CPU
		{9EBB65AB-D248-4838-BC06-31C229AD1C03}.Debug|Any CPU.ActiveCfg = Debug|Any CPU
		{9EBB65AB-D248-4838-BC06-31C229AD1C03}.Debug|Any CPU.Build.0 = Debug|Any CPU
		{9EBB65AB-D248-4838-BC06-31C229AD1C03}.Debug|x64.ActiveCfg = Debug|Any CPU
		{9EBB65AB-D248-4838-BC06-31C229AD1C03}.Debug|x86.ActiveCfg = Debug|Any CPU
		{9EBB65AB-D248-4838-BC06-31C229AD1C03}.Release|Any CPU.ActiveCfg = Release|Any CPU
		{9EBB65AB-D248-4838-BC06-31C229AD1C03}.Release|Any CPU.Build.0 = Release|Any CPU
		{9EBB65AB-D248-4838-BC06-31C229AD1C03}.Release|x64.ActiveCfg = Release|Any CPU
		{9EBB65AB-D248-4838-BC06-31C229AD1C03}.Release|x86.ActiveCfg = Release|Any CPU
		{F5AEFBD5-BB09-48FD-BD75-BB2AAE471A56}.Debug|Any CPU.ActiveCfg = Debug|Win32
		{F5AEFBD5-BB09-48FD-BD75-BB2AAE471A56}.Debug|x64.ActiveCfg = Debug|x64
		{F5AEFBD5-BB09-48FD-BD75-BB2AAE471A56}.Debug|x64.Build.0 = Debug|x64
		{F5AEFBD5-BB09-48FD-BD75-BB2AAE471A56}.Debug|x86.ActiveCfg = Debug|Win32
		{F5AEFBD5-BB09-48FD-BD75-BB2AAE471A56}.Debug|x86.Build.0 = Debug|Win32
		{F5AEFBD5-BB09-48FD-BD75-BB2AAE471A56}.Release|Any CPU.ActiveCfg = Release|Win32
		{F5AEFBD5-BB09-48FD-BD75-BB2AAE471A56}.Release|x64.ActiveCfg = Release|x64
		{F5AEFBD5-BB09-48FD-BD75-BB2AAE471A56}.Release|x64.Build.0 = Release|x64
		{F5AEFBD5-BB09-48FD-BD75-BB2AAE471A56}.Release|x86.ActiveCfg = Release|Win32
		{F5AEFBD5-BB09-48FD-BD75-BB2AAE471A56}.Release|x86.Build.0 = Release|Win32
		{4E9CE6BE-A817-4FF2-8953-DD5C2E1D2531}.Debug|Any CPU.ActiveCfg = Debug|Any CPU
		{4E9CE6BE-A817-4FF2-8953-DD5C2E1D2531}.Debug|Any CPU.Build.0 = Debug|Any CPU
		{4E9CE6BE-A817-4FF2-8953-DD5C2E1D2531}.Debug|x64.ActiveCfg = Debug|Any CPU
		{4E9CE6BE-A817-4FF2-8953-DD5C2E1D2531}.Debug|x64.Build.0 = Debug|Any CPU
		{4E9CE6BE-A817-4FF2-8953-DD5C2E1D2531}.Debug|x86.ActiveCfg = Debug|Any CPU
		{4E9CE6BE-A817-4FF2-8953-DD5C2E1D2531}.Debug|x86.Build.0 = Debug|Any CPU
		{4E9CE6BE-A817-4FF2-8953-DD5C2E1D2531}.Release|Any CPU.ActiveCfg = Release|Any CPU
		{4E9CE6BE-A817-4FF2-8953-DD5C2E1D2531}.Release|Any CPU.Build.0 = Release|Any CPU
		{4E9CE6BE-A817-4FF2-8953-DD5C2E1D2531}.Release|x64.ActiveCfg = Release|Any CPU
		{4E9CE6BE-A817-4FF2-8953-DD5C2E1D2531}.Release|x64.Build.0 = Release|Any CPU
		{4E9CE6BE-A817-4FF2-8953-DD5C2E1D2531}.Release|x86.ActiveCfg = Release|Any CPU
		{4E9CE6BE-A817-4FF2-8953-DD5C2E1D2531}.Release|x86.Build.0 = Release|Any CPU
		{6E1F4A7F-A62E-4FFC-B459-CF7287ADE6A5}.Debug|Any CPU.ActiveCfg = Debug|x64
		{6E1F4A7F-A62E-4FFC-B459-CF7287ADE6A5}.Debug|x64.ActiveCfg = Debug|x64
		{6E1F4A7F-A62E-4FFC-B459-CF7287ADE6A5}.Debug|x64.Build.0 = Debug|x64
		{6E1F4A7F-A62E-4FFC-B459-CF7287ADE6A5}.Debug|x86.ActiveCfg = Debug|x64
		{6E1F4A7F-A62E-4FFC-B459-CF7287ADE6A5}.Release|Any CPU.ActiveCfg = Release|x64
		{6E1F4A7F-A62E-4FFC-B459-CF7287ADE6A5}.Release|x64.ActiveCfg = Release|x64
		{6E1F4A7F-A62E-4FFC-B459-CF7287ADE6A5}.Release|x64.Build.0 = Release|x64
		{6E1F4A7F-A62E-4FFC-B459-CF7287ADE6A5}.Release|x86.ActiveCfg = Release|x64
		{002A9139-2645-43A2-871A-BE3DEFACEA94}.Debug|Any CPU.ActiveCfg = Debug|x86
		{002A9139-2645-43A2-871A-BE3DEFACEA94}.Debug|x64.ActiveCfg = Debug|x86
		{002A9139-2645-43A2-871A-BE3DEFACEA94}.Debug|x86.ActiveCfg = Debug|x86
		{002A9139-2645-43A2-871A-BE3DEFACEA94}.Debug|x86.Build.0 = Debug|x86
		{002A9139-2645-43A2-871A-BE3DEFACEA94}.Release|Any CPU.ActiveCfg = Release|x86
		{002A9139-2645-43A2-871A-BE3DEFACEA94}.Release|x64.ActiveCfg = Release|x86
		{002A9139-2645-43A2-871A-BE3DEFACEA94}.Release|x86.ActiveCfg = Release|x86
		{002A9139-2645-43A2-871A-BE3DEFACEA94}.Release|x86.Build.0 = Release|x86
		{7BD8310E-5FC8-4523-975C-9CB92CEDCAB7}.Debug|Any CPU.ActiveCfg = Debug|Any CPU
		{7BD8310E-5FC8-4523-975C-9CB92CEDCAB7}.Debug|x64.ActiveCfg = Debug|x64
		{7BD8310E-5FC8-4523-975C-9CB92CEDCAB7}.Debug|x64.Build.0 = Debug|x64
		{7BD8310E-5FC8-4523-975C-9CB92CEDCAB7}.Debug|x86.ActiveCfg = Debug|x86
		{7BD8310E-5FC8-4523-975C-9CB92CEDCAB7}.Debug|x86.Build.0 = Debug|x86
		{7BD8310E-5FC8-4523-975C-9CB92CEDCAB7}.Release|Any CPU.ActiveCfg = Release|Any CPU
		{7BD8310E-5FC8-4523-975C-9CB92CEDCAB7}.Release|x64.ActiveCfg = Release|x64
		{7BD8310E-5FC8-4523-975C-9CB92CEDCAB7}.Release|x64.Build.0 = Release|x64
		{7BD8310E-5FC8-4523-975C-9CB92CEDCAB7}.Release|x86.ActiveCfg = Release|x86
		{7BD8310E-5FC8-4523-975C-9CB92CEDCAB7}.Release|x86.Build.0 = Release|x86
		{4EE64B60-4E64-46B4-9389-DC78C61619E9}.Debug|Any CPU.ActiveCfg = Debug|Any CPU
		{4EE64B60-4E64-46B4-9389-DC78C61619E9}.Debug|x64.ActiveCfg = Debug|x64
		{4EE64B60-4E64-46B4-9389-DC78C61619E9}.Debug|x64.Build.0 = Debug|x64
		{4EE64B60-4E64-46B4-9389-DC78C61619E9}.Debug|x86.ActiveCfg = Debug|x86
		{4EE64B60-4E64-46B4-9389-DC78C61619E9}.Debug|x86.Build.0 = Debug|x86
		{4EE64B60-4E64-46B4-9389-DC78C61619E9}.Release|Any CPU.ActiveCfg = Release|Any CPU
		{4EE64B60-4E64-46B4-9389-DC78C61619E9}.Release|x64.ActiveCfg = Release|x64
		{4EE64B60-4E64-46B4-9389-DC78C61619E9}.Release|x64.Build.0 = Release|x64
		{4EE64B60-4E64-46B4-9389-DC78C61619E9}.Release|x86.ActiveCfg = Release|x86
		{4EE64B60-4E64-46B4-9389-DC78C61619E9}.Release|x86.Build.0 = Release|x86
		{7E61F061-D831-4185-B289-B0EFFFE2B6EC}.Debug|Any CPU.ActiveCfg = Debug|Any CPU
		{7E61F061-D831-4185-B289-B0EFFFE2B6EC}.Debug|Any CPU.Build.0 = Debug|Any CPU
		{7E61F061-D831-4185-B289-B0EFFFE2B6EC}.Debug|x64.ActiveCfg = Debug|Any CPU
		{7E61F061-D831-4185-B289-B0EFFFE2B6EC}.Debug|x64.Build.0 = Debug|Any CPU
		{7E61F061-D831-4185-B289-B0EFFFE2B6EC}.Debug|x86.ActiveCfg = Debug|Any CPU
		{7E61F061-D831-4185-B289-B0EFFFE2B6EC}.Debug|x86.Build.0 = Debug|Any CPU
		{7E61F061-D831-4185-B289-B0EFFFE2B6EC}.Release|Any CPU.ActiveCfg = Release|Any CPU
		{7E61F061-D831-4185-B289-B0EFFFE2B6EC}.Release|Any CPU.Build.0 = Release|Any CPU
		{7E61F061-D831-4185-B289-B0EFFFE2B6EC}.Release|x64.ActiveCfg = Release|Any CPU
		{7E61F061-D831-4185-B289-B0EFFFE2B6EC}.Release|x64.Build.0 = Release|Any CPU
		{7E61F061-D831-4185-B289-B0EFFFE2B6EC}.Release|x86.ActiveCfg = Release|Any CPU
		{7E61F061-D831-4185-B289-B0EFFFE2B6EC}.Release|x86.Build.0 = Release|Any CPU
	EndGlobalSection
	GlobalSection(SolutionProperties) = preSolution
		HideSolutionNode = FALSE
	EndGlobalSection
	GlobalSection(ExtensibilityGlobals) = postSolution
		SolutionGuid = {C3AB2171-471F-4842-A039-4CE0AC4FBB45}
	EndGlobalSection
EndGlobal
