
Microsoft Visual Studio Solution File, Format Version 12.00
# Visual Studio Version 16
VisualStudioVersion = 16.0.30011.22
MinimumVisualStudioVersion = 10.0.40219.1
Project("{9A19103F-16F7-4668-BE54-9A1E7A4F7556}") = "YaNco.Primitives", "src\YaNco.Primitives\YaNco.Primitives.csproj", "{FD098742-7F5A-4820-8022-D24617CC1380}"
EndProject
Project("{9A19103F-16F7-4668-BE54-9A1E7A4F7556}") = "YaNco.Core", "src\YaNco.Core\YaNco.Core.csproj", "{30CBC9F8-65A0-4A0C-B972-A89361B8D90A}"
EndProject
Project("{9A19103F-16F7-4668-BE54-9A1E7A4F7556}") = "YaNco.Abstractions", "src\YaNco.Abstractions\YaNco.Abstractions.csproj", "{706737B6-BD69-4AEE-B7FE-DC8F9008C91A}"
EndProject
Project("{9A19103F-16F7-4668-BE54-9A1E7A4F7556}") = "SAPSystemTests", "test\SAPSystemTests\SAPSystemTests.csproj", "{215049FF-1D8D-4374-8BED-AE5AB72CBC2C}"
EndProject
Project("{2150E333-8FDC-42A3-9474-1A3956D46DE8}") = "Solution Items", "Solution Items", "{21F1B3B7-CD78-4776-AB18-DA978C1EE0B5}"
	ProjectSection(SolutionItems) = preProject
		azure-pipelines.yml = azure-pipelines.yml
		gitversion.yml = gitversion.yml
	EndProjectSection
EndProject
Project("{9A19103F-16F7-4668-BE54-9A1E7A4F7556}") = "YaNco", "src\YaNco\YaNco.csproj", "{9EBB65AB-D248-4838-BC06-31C229AD1C03}"
EndProject
Project("{2150E333-8FDC-42A3-9474-1A3956D46DE8}") = "samples", "samples", "{D81DD87D-D96B-4A06-B360-B71BED6E5199}"
EndProject
Project("{2150E333-8FDC-42A3-9474-1A3956D46DE8}") = "netcore3.1", "netcore3.1", "{BEE8F8E1-8859-4A61-B668-5467423911D7}"
EndProject
Project("{2150E333-8FDC-42A3-9474-1A3956D46DE8}") = "netcore2.1", "netcore2.1", "{8534BBA2-FF98-4D0F-AE60-3EAFADB69653}"
EndProject
Project("{9A19103F-16F7-4668-BE54-9A1E7A4F7556}") = "WebApi.Shared", "samples\WebApi.Shared\WebApi.Shared.csproj", "{BAFF7A74-DB10-45D9-A3CB-827239599D88}"
EndProject
Project("{9A19103F-16F7-4668-BE54-9A1E7A4F7556}") = "SAPWebAPI", "samples\netcore2.1\SAPWebAPI\SAPWebAPI.csproj", "{89240742-3F31-4BA5-89A6-81C0CA6AE451}"
EndProject
Project("{9A19103F-16F7-4668-BE54-9A1E7A4F7556}") = "SAPWebAPI", "samples\netcore3.1\SAPWebAPI\SAPWebAPI.csproj", "{90FDEB6C-05A9-45FF-A566-0230CA724235}"
EndProject
Project("{2150E333-8FDC-42A3-9474-1A3956D46DE8}") = "net472", "net472", "{0B7CE0F5-179E-41BA-BBAC-5E9001550E43}"
EndProject
Project("{9A19103F-16F7-4668-BE54-9A1E7A4F7556}") = "SAPWebAPI", "samples\net472\SAPWebAPI\SAPWebAPI.csproj", "{427D3A36-64DA-42F7-B406-95B7078F50EB}"
EndProject
Project("{2150E333-8FDC-42A3-9474-1A3956D46DE8}") = "webforms", "webforms", "{338C6406-0200-4091-9F3A-7BFFC39B81E0}"
EndProject
Project("{FAE04EC0-301F-11D3-BF4B-00C04F79EFBC}") = "SAPWebForms", "samples\webforms\SAPWebForms\SAPWebForms.csproj", "{463C83C6-5BC6-4140-9F7F-204B6F886FC3}"
EndProject
Global
	GlobalSection(SolutionConfigurationPlatforms) = preSolution
		Debug|Any CPU = Debug|Any CPU
		Release|Any CPU = Release|Any CPU
	EndGlobalSection
	GlobalSection(ProjectConfigurationPlatforms) = postSolution
		{FD098742-7F5A-4820-8022-D24617CC1380}.Debug|Any CPU.ActiveCfg = Debug|Any CPU
		{FD098742-7F5A-4820-8022-D24617CC1380}.Debug|Any CPU.Build.0 = Debug|Any CPU
		{FD098742-7F5A-4820-8022-D24617CC1380}.Release|Any CPU.ActiveCfg = Release|Any CPU
		{FD098742-7F5A-4820-8022-D24617CC1380}.Release|Any CPU.Build.0 = Release|Any CPU
		{30CBC9F8-65A0-4A0C-B972-A89361B8D90A}.Debug|Any CPU.ActiveCfg = Debug|Any CPU
		{30CBC9F8-65A0-4A0C-B972-A89361B8D90A}.Debug|Any CPU.Build.0 = Debug|Any CPU
		{30CBC9F8-65A0-4A0C-B972-A89361B8D90A}.Release|Any CPU.ActiveCfg = Release|Any CPU
		{30CBC9F8-65A0-4A0C-B972-A89361B8D90A}.Release|Any CPU.Build.0 = Release|Any CPU
		{706737B6-BD69-4AEE-B7FE-DC8F9008C91A}.Debug|Any CPU.ActiveCfg = Debug|Any CPU
		{706737B6-BD69-4AEE-B7FE-DC8F9008C91A}.Debug|Any CPU.Build.0 = Debug|Any CPU
		{706737B6-BD69-4AEE-B7FE-DC8F9008C91A}.Release|Any CPU.ActiveCfg = Release|Any CPU
		{706737B6-BD69-4AEE-B7FE-DC8F9008C91A}.Release|Any CPU.Build.0 = Release|Any CPU
		{215049FF-1D8D-4374-8BED-AE5AB72CBC2C}.Debug|Any CPU.ActiveCfg = Debug|Any CPU
		{215049FF-1D8D-4374-8BED-AE5AB72CBC2C}.Debug|Any CPU.Build.0 = Debug|Any CPU
		{215049FF-1D8D-4374-8BED-AE5AB72CBC2C}.Release|Any CPU.ActiveCfg = Release|Any CPU
		{215049FF-1D8D-4374-8BED-AE5AB72CBC2C}.Release|Any CPU.Build.0 = Release|Any CPU
		{9EBB65AB-D248-4838-BC06-31C229AD1C03}.Debug|Any CPU.ActiveCfg = Debug|Any CPU
		{9EBB65AB-D248-4838-BC06-31C229AD1C03}.Debug|Any CPU.Build.0 = Debug|Any CPU
		{9EBB65AB-D248-4838-BC06-31C229AD1C03}.Release|Any CPU.ActiveCfg = Release|Any CPU
		{9EBB65AB-D248-4838-BC06-31C229AD1C03}.Release|Any CPU.Build.0 = Release|Any CPU
		{BAFF7A74-DB10-45D9-A3CB-827239599D88}.Debug|Any CPU.ActiveCfg = Debug|Any CPU
		{BAFF7A74-DB10-45D9-A3CB-827239599D88}.Debug|Any CPU.Build.0 = Debug|Any CPU
		{BAFF7A74-DB10-45D9-A3CB-827239599D88}.Release|Any CPU.ActiveCfg = Release|Any CPU
		{BAFF7A74-DB10-45D9-A3CB-827239599D88}.Release|Any CPU.Build.0 = Release|Any CPU
		{89240742-3F31-4BA5-89A6-81C0CA6AE451}.Debug|Any CPU.ActiveCfg = Debug|Any CPU
		{89240742-3F31-4BA5-89A6-81C0CA6AE451}.Debug|Any CPU.Build.0 = Debug|Any CPU
		{89240742-3F31-4BA5-89A6-81C0CA6AE451}.Release|Any CPU.ActiveCfg = Release|Any CPU
		{89240742-3F31-4BA5-89A6-81C0CA6AE451}.Release|Any CPU.Build.0 = Release|Any CPU
		{90FDEB6C-05A9-45FF-A566-0230CA724235}.Debug|Any CPU.ActiveCfg = Debug|Any CPU
		{90FDEB6C-05A9-45FF-A566-0230CA724235}.Debug|Any CPU.Build.0 = Debug|Any CPU
		{90FDEB6C-05A9-45FF-A566-0230CA724235}.Release|Any CPU.ActiveCfg = Release|Any CPU
		{90FDEB6C-05A9-45FF-A566-0230CA724235}.Release|Any CPU.Build.0 = Release|Any CPU
		{427D3A36-64DA-42F7-B406-95B7078F50EB}.Debug|Any CPU.ActiveCfg = Debug|Any CPU
		{427D3A36-64DA-42F7-B406-95B7078F50EB}.Debug|Any CPU.Build.0 = Debug|Any CPU
		{427D3A36-64DA-42F7-B406-95B7078F50EB}.Release|Any CPU.ActiveCfg = Release|Any CPU
		{427D3A36-64DA-42F7-B406-95B7078F50EB}.Release|Any CPU.Build.0 = Release|Any CPU
		{463C83C6-5BC6-4140-9F7F-204B6F886FC3}.Debug|Any CPU.ActiveCfg = Debug|Any CPU
		{463C83C6-5BC6-4140-9F7F-204B6F886FC3}.Debug|Any CPU.Build.0 = Debug|Any CPU
		{463C83C6-5BC6-4140-9F7F-204B6F886FC3}.Release|Any CPU.ActiveCfg = Release|Any CPU
		{463C83C6-5BC6-4140-9F7F-204B6F886FC3}.Release|Any CPU.Build.0 = Release|Any CPU
	EndGlobalSection
	GlobalSection(SolutionProperties) = preSolution
		HideSolutionNode = FALSE
	EndGlobalSection
	GlobalSection(NestedProjects) = preSolution
		{BEE8F8E1-8859-4A61-B668-5467423911D7} = {D81DD87D-D96B-4A06-B360-B71BED6E5199}
		{8534BBA2-FF98-4D0F-AE60-3EAFADB69653} = {D81DD87D-D96B-4A06-B360-B71BED6E5199}
		{BAFF7A74-DB10-45D9-A3CB-827239599D88} = {D81DD87D-D96B-4A06-B360-B71BED6E5199}
		{89240742-3F31-4BA5-89A6-81C0CA6AE451} = {8534BBA2-FF98-4D0F-AE60-3EAFADB69653}
		{90FDEB6C-05A9-45FF-A566-0230CA724235} = {BEE8F8E1-8859-4A61-B668-5467423911D7}
		{0B7CE0F5-179E-41BA-BBAC-5E9001550E43} = {D81DD87D-D96B-4A06-B360-B71BED6E5199}
		{427D3A36-64DA-42F7-B406-95B7078F50EB} = {0B7CE0F5-179E-41BA-BBAC-5E9001550E43}
		{338C6406-0200-4091-9F3A-7BFFC39B81E0} = {D81DD87D-D96B-4A06-B360-B71BED6E5199}
		{463C83C6-5BC6-4140-9F7F-204B6F886FC3} = {338C6406-0200-4091-9F3A-7BFFC39B81E0}
	EndGlobalSection
	GlobalSection(ExtensibilityGlobals) = postSolution
		SolutionGuid = {C3AB2171-471F-4842-A039-4CE0AC4FBB45}
	EndGlobalSection
EndGlobal
