<?xml version="1.0" encoding="utf-8"?>
<Project ToolsVersion="4.0" xmlns="http://schemas.microsoft.com/developer/msbuild/2003">
  <ItemGroup>
    <Filter Include="Header Files">
      <UniqueIdentifier>{93995380-89BD-4b04-88EB-625FBE52EBFB}</UniqueIdentifier>
      <Extensions>h;hh;hpp;hxx;h++;hm;inl;inc;ipp;xsd</Extensions>
    </Filter>
  </ItemGroup>
  <ItemGroup>
    <ClCompile Include="..\YaNco.Native.clr\Api.cpp" />
    <ClCompile Include="..\YaNco.Native.clr\AssemblyInfo.cpp" />
    <ClCompile Include="..\YaNco.Native.clr\HandleWrappers.cpp" />
    <ClCompile Include="..\YaNco.Native.clr\NativeConverter.cpp" />
    <ClCompile Include="..\YaNco.Native.clr\stdafx.cpp" />
  </ItemGroup>
  <ItemGroup>
    <ClInclude Include="..\YaNco.Native.clr\Api.h">
      <Filter>Header Files</Filter>
    </ClInclude>
    <ClInclude Include="..\YaNco.Native.clr\HandleWrappers.h">
      <Filter>Header Files</Filter>
    </ClInclude>
    <ClInclude Include="..\YaNco.Native.clr\NativeConverter.h">
      <Filter>Header Files</Filter>
    </ClInclude>
    <ClInclude Include="..\YaNco.Native.clr\Resource.h">
      <Filter>Header Files</Filter>
    </ClInclude>
    <ClInclude Include="..\YaNco.Native.clr\stdafx.h">
      <Filter>Header Files</Filter>
    </ClInclude>
  </ItemGroup>
  <ItemGroup>
    <Image Include="..\YaNco.Native.clr\app.ico" />
  </ItemGroup>
  <ItemGroup>
    <ResourceCompile Include="..\YaNco.Native.clr\app.rc" />
  </ItemGroup>
</Project>